
Microsoft Visual Studio Solution File, Format Version 11.00
# Visual Studio 2010
Project("{FAE04EC0-301F-11D3-BF4B-00C04F79EFBC}") = "smallChange", "smallChange\smallChange.csproj", "{F9352E94-3280-44B6-8EB6-B996D8C323EF}"
EndProject
Global
	GlobalSection(SolutionConfigurationPlatforms) = preSolution
		Debug|x86 = Debug|x86
		Release|x86 = Release|x86
	EndGlobalSection
	GlobalSection(ProjectConfigurationPlatforms) = postSolution
		{F9352E94-3280-44B6-8EB6-B996D8C323EF}.Debug|x86.ActiveCfg = Debug|x86
		{F9352E94-3280-44B6-8EB6-B996D8C323EF}.Debug|x86.Build.0 = Debug|x86
		{F9352E94-3280-44B6-8EB6-B996D8C323EF}.Release|x86.ActiveCfg = Release|x86
		{F9352E94-3280-44B6-8EB6-B996D8C323EF}.Release|x86.Build.0 = Release|x86
	EndGlobalSection
	GlobalSection(SolutionProperties) = preSolution
		HideSolutionNode = FALSE
	EndGlobalSection
EndGlobal
